
Microsoft Visual Studio Solution File, Format Version 12.00
# Visual Studio Version 17
VisualStudioVersion = 17.14.36811.4
MinimumVisualStudioVersion = 10.0.40219.1
Project("{FAE04EC0-301F-11D3-BF4B-00C04F79EFBC}") = "backend-marsh-project", "src/backend-marsh-project/backend-marsh-project.csproj", "{EA66FD7F-C5F9-4C5F-B17E-639867E5CD66}"
EndProject
Project("{FAE04EC0-301F-11D3-BF4B-00C04F79EFBC}") = "UnitTests", "src/UnitTests/UnitTests.csproj", "{9165FD3E-929F-40A1-A8ED-FBE148AA4F03}"
EndProject
Global
	GlobalSection(SolutionConfigurationPlatforms) = preSolution
		Debug|Any CPU = Debug|Any CPU
		Release|Any CPU = Release|Any CPU
	EndGlobalSection
	GlobalSection(ProjectConfigurationPlatforms) = postSolution
		{EA66FD7F-C5F9-4C5F-B17E-639867E5CD66}.Debug|Any CPU.ActiveCfg = Debug|Any CPU
		{EA66FD7F-C5F9-4C5F-B17E-639867E5CD66}.Debug|Any CPU.Build.0 = Debug|Any CPU
		{EA66FD7F-C5F9-4C5F-B17E-639867E5CD66}.Release|Any CPU.ActiveCfg = Release|Any CPU
		{EA66FD7F-C5F9-4C5F-B17E-639867E5CD66}.Release|Any CPU.Build.0 = Release|Any CPU
		{9165FD3E-929F-40A1-A8ED-FBE148AA4F03}.Debug|Any CPU.ActiveCfg = Debug|Any CPU
		{9165FD3E-929F-40A1-A8ED-FBE148AA4F03}.Debug|Any CPU.Build.0 = Debug|Any CPU
		{9165FD3E-929F-40A1-A8ED-FBE148AA4F03}.Release|Any CPU.ActiveCfg = Release|Any CPU
		{9165FD3E-929F-40A1-A8ED-FBE148AA4F03}.Release|Any CPU.Build.0 = Release|Any CPU
	EndGlobalSection
	GlobalSection(SolutionProperties) = preSolution
		HideSolutionNode = FALSE
	EndGlobalSection
	GlobalSection(ExtensibilityGlobals) = postSolution
		SolutionGuid = {9C6F982C-03C5-4785-A5D9-A8D1798517CC}
	EndGlobalSection
EndGlobal
